
Microsoft Visual Studio Solution File, Format Version 12.00
# Visual Studio Version 17
VisualStudioVersion = 17.8.34309.116
MinimumVisualStudioVersion = 10.0.40219.1
Project("{9A19103F-16F7-4668-BE54-9A1E7A4F7556}") = "WebApplication1", "WebApplication1\WebApplication1.csproj", "{1EF17D39-8A68-4B1A-8D48-28FBC01FA30B}"
EndProject
Project("{9A19103F-16F7-4668-BE54-9A1E7A4F7556}") = "UnitTests", "UnitTests\UnitTests.csproj", "{76611B00-A651-41ED-B26C-2B97679837F9}"
EndProject
Project("{FAE04EC0-301F-11D3-BF4B-00C04F79EFBC}") = "IntegrationTests", "IntegrationTests\IntegrationTests.csproj", "{F436A03C-6E6E-41DF-93DC-05B542EF186C}"
EndProject
Global
	GlobalSection(SolutionConfigurationPlatforms) = preSolution
		Debug|Any CPU = Debug|Any CPU
		Release|Any CPU = Release|Any CPU
	EndGlobalSection
	GlobalSection(ProjectConfigurationPlatforms) = postSolution
		{1EF17D39-8A68-4B1A-8D48-28FBC01FA30B}.Debug|Any CPU.ActiveCfg = Debug|Any CPU
		{1EF17D39-8A68-4B1A-8D48-28FBC01FA30B}.Debug|Any CPU.Build.0 = Debug|Any CPU
		{1EF17D39-8A68-4B1A-8D48-28FBC01FA30B}.Release|Any CPU.ActiveCfg = Release|Any CPU
		{1EF17D39-8A68-4B1A-8D48-28FBC01FA30B}.Release|Any CPU.Build.0 = Release|Any CPU
		{76611B00-A651-41ED-B26C-2B97679837F9}.Debug|Any CPU.ActiveCfg = Debug|Any CPU
		{76611B00-A651-41ED-B26C-2B97679837F9}.Debug|Any CPU.Build.0 = Debug|Any CPU
		{76611B00-A651-41ED-B26C-2B97679837F9}.Release|Any CPU.ActiveCfg = Release|Any CPU
		{76611B00-A651-41ED-B26C-2B97679837F9}.Release|Any CPU.Build.0 = Release|Any CPU
		{F436A03C-6E6E-41DF-93DC-05B542EF186C}.Debug|Any CPU.ActiveCfg = Debug|Any CPU
		{F436A03C-6E6E-41DF-93DC-05B542EF186C}.Debug|Any CPU.Build.0 = Debug|Any CPU
		{F436A03C-6E6E-41DF-93DC-05B542EF186C}.Release|Any CPU.ActiveCfg = Release|Any CPU
		{F436A03C-6E6E-41DF-93DC-05B542EF186C}.Release|Any CPU.Build.0 = Release|Any CPU
	EndGlobalSection
	GlobalSection(SolutionProperties) = preSolution
		HideSolutionNode = FALSE
	EndGlobalSection
	GlobalSection(ExtensibilityGlobals) = postSolution
		SolutionGuid = {53CCD1D8-513D-4AF1-9279-9FA77C3E9A0A}
	EndGlobalSection
EndGlobal
